
Microsoft Visual Studio Solution File, Format Version 12.00
# Visual Studio Version 16
VisualStudioVersion = 16.0.31321.278
MinimumVisualStudioVersion = 10.0.40219.1
Project("{FAE04EC0-301F-11D3-BF4B-00C04F79EFBC}") = "For_05_Pares", "For_05_Pares\For_05_Pares.csproj", "{90F4DFE5-313F-45CC-B12C-00D513653858}"
EndProject
Global
	GlobalSection(SolutionConfigurationPlatforms) = preSolution
		Debug|Any CPU = Debug|Any CPU
		Release|Any CPU = Release|Any CPU
	EndGlobalSection
	GlobalSection(ProjectConfigurationPlatforms) = postSolution
		{90F4DFE5-313F-45CC-B12C-00D513653858}.Debug|Any CPU.ActiveCfg = Debug|Any CPU
		{90F4DFE5-313F-45CC-B12C-00D513653858}.Debug|Any CPU.Build.0 = Debug|Any CPU
		{90F4DFE5-313F-45CC-B12C-00D513653858}.Release|Any CPU.ActiveCfg = Release|Any CPU
		{90F4DFE5-313F-45CC-B12C-00D513653858}.Release|Any CPU.Build.0 = Release|Any CPU
	EndGlobalSection
	GlobalSection(SolutionProperties) = preSolution
		HideSolutionNode = FALSE
	EndGlobalSection
	GlobalSection(ExtensibilityGlobals) = postSolution
		SolutionGuid = {4A4416DF-4D3B-4D2D-BEAD-90B08093A781}
	EndGlobalSection
EndGlobal
