
Microsoft Visual Studio Solution File, Format Version 12.00
# Visual Studio Version 16
VisualStudioVersion = 16.0.31321.278
MinimumVisualStudioVersion = 10.0.40219.1
Project("{9A19103F-16F7-4668-BE54-9A1E7A4F7556}") = "Pessoa_mais_Velha", "Orientacao_Obejto_01\Pessoa_mais_Velha.csproj", "{9478C28F-0369-42B9-9AE2-2173233D7595}"
EndProject
Global
	GlobalSection(SolutionConfigurationPlatforms) = preSolution
		Debug|Any CPU = Debug|Any CPU
		Release|Any CPU = Release|Any CPU
	EndGlobalSection
	GlobalSection(ProjectConfigurationPlatforms) = postSolution
		{9478C28F-0369-42B9-9AE2-2173233D7595}.Debug|Any CPU.ActiveCfg = Debug|Any CPU
		{9478C28F-0369-42B9-9AE2-2173233D7595}.Debug|Any CPU.Build.0 = Debug|Any CPU
		{9478C28F-0369-42B9-9AE2-2173233D7595}.Release|Any CPU.ActiveCfg = Release|Any CPU
		{9478C28F-0369-42B9-9AE2-2173233D7595}.Release|Any CPU.Build.0 = Release|Any CPU
	EndGlobalSection
	GlobalSection(SolutionProperties) = preSolution
		HideSolutionNode = FALSE
	EndGlobalSection
	GlobalSection(ExtensibilityGlobals) = postSolution
		SolutionGuid = {64CABCEA-890D-4CCC-A301-58E502174A55}
	EndGlobalSection
EndGlobal
