
Microsoft Visual Studio Solution File, Format Version 12.00
# Visual Studio Version 16
VisualStudioVersion = 16.0.31515.178
MinimumVisualStudioVersion = 10.0.40219.1
Project("{FAE04EC0-301F-11D3-BF4B-00C04F79EFBC}") = "Ex_StringBuilder", "Ex_StringBuilder\Ex_StringBuilder.csproj", "{50C7EFE8-E735-4F1D-BD84-BC225D1BE573}"
EndProject
Global
	GlobalSection(SolutionConfigurationPlatforms) = preSolution
		Debug|Any CPU = Debug|Any CPU
		Release|Any CPU = Release|Any CPU
	EndGlobalSection
	GlobalSection(ProjectConfigurationPlatforms) = postSolution
		{50C7EFE8-E735-4F1D-BD84-BC225D1BE573}.Debug|Any CPU.ActiveCfg = Debug|Any CPU
		{50C7EFE8-E735-4F1D-BD84-BC225D1BE573}.Debug|Any CPU.Build.0 = Debug|Any CPU
		{50C7EFE8-E735-4F1D-BD84-BC225D1BE573}.Release|Any CPU.ActiveCfg = Release|Any CPU
		{50C7EFE8-E735-4F1D-BD84-BC225D1BE573}.Release|Any CPU.Build.0 = Release|Any CPU
	EndGlobalSection
	GlobalSection(SolutionProperties) = preSolution
		HideSolutionNode = FALSE
	EndGlobalSection
	GlobalSection(ExtensibilityGlobals) = postSolution
		SolutionGuid = {29757EFA-8A62-4292-9CD6-7EE275F7C0F9}
	EndGlobalSection
EndGlobal
