
Microsoft Visual Studio Solution File, Format Version 12.00
# Visual Studio Version 16
VisualStudioVersion = 16.0.31321.278
MinimumVisualStudioVersion = 10.0.40219.1
Project("{FAE04EC0-301F-11D3-BF4B-00C04F79EFBC}") = "For_06_Fatorial", "For_06_Fatorial\For_06_Fatorial.csproj", "{18ECA3D4-18D6-4D76-A675-3EFAB2CAD1C5}"
EndProject
Global
	GlobalSection(SolutionConfigurationPlatforms) = preSolution
		Debug|Any CPU = Debug|Any CPU
		Release|Any CPU = Release|Any CPU
	EndGlobalSection
	GlobalSection(ProjectConfigurationPlatforms) = postSolution
		{18ECA3D4-18D6-4D76-A675-3EFAB2CAD1C5}.Debug|Any CPU.ActiveCfg = Debug|Any CPU
		{18ECA3D4-18D6-4D76-A675-3EFAB2CAD1C5}.Debug|Any CPU.Build.0 = Debug|Any CPU
		{18ECA3D4-18D6-4D76-A675-3EFAB2CAD1C5}.Release|Any CPU.ActiveCfg = Release|Any CPU
		{18ECA3D4-18D6-4D76-A675-3EFAB2CAD1C5}.Release|Any CPU.Build.0 = Release|Any CPU
	EndGlobalSection
	GlobalSection(SolutionProperties) = preSolution
		HideSolutionNode = FALSE
	EndGlobalSection
	GlobalSection(ExtensibilityGlobals) = postSolution
		SolutionGuid = {09F71147-59B3-4E1E-BA10-290B7570CBFD}
	EndGlobalSection
EndGlobal
