
Microsoft Visual Studio Solution File, Format Version 12.00
# Visual Studio Version 16
VisualStudioVersion = 16.0.31313.79
MinimumVisualStudioVersion = 10.0.40219.1
Project("{FAE04EC0-301F-11D3-BF4B-00C04F79EFBC}") = "While_04", "While_04\While_04.csproj", "{8F57DF1C-ADE1-4DB8-AB40-5A546B99D2E2}"
EndProject
Global
	GlobalSection(SolutionConfigurationPlatforms) = preSolution
		Debug|Any CPU = Debug|Any CPU
		Release|Any CPU = Release|Any CPU
	EndGlobalSection
	GlobalSection(ProjectConfigurationPlatforms) = postSolution
		{8F57DF1C-ADE1-4DB8-AB40-5A546B99D2E2}.Debug|Any CPU.ActiveCfg = Debug|Any CPU
		{8F57DF1C-ADE1-4DB8-AB40-5A546B99D2E2}.Debug|Any CPU.Build.0 = Debug|Any CPU
		{8F57DF1C-ADE1-4DB8-AB40-5A546B99D2E2}.Release|Any CPU.ActiveCfg = Release|Any CPU
		{8F57DF1C-ADE1-4DB8-AB40-5A546B99D2E2}.Release|Any CPU.Build.0 = Release|Any CPU
	EndGlobalSection
	GlobalSection(SolutionProperties) = preSolution
		HideSolutionNode = FALSE
	EndGlobalSection
	GlobalSection(ExtensibilityGlobals) = postSolution
		SolutionGuid = {97FFBA33-BBDE-4493-8C95-F237D37EB466}
	EndGlobalSection
EndGlobal
