
Microsoft Visual Studio Solution File, Format Version 12.00
# Visual Studio Version 16
VisualStudioVersion = 16.0.31515.178
MinimumVisualStudioVersion = 10.0.40219.1
Project("{FAE04EC0-301F-11D3-BF4B-00C04F79EFBC}") = "PedidoUsuario", "PedidoUsuario\PedidoUsuario.csproj", "{3E51E691-BFB4-4D3A-8834-8A0FEE9906AB}"
EndProject
Global
	GlobalSection(SolutionConfigurationPlatforms) = preSolution
		Debug|Any CPU = Debug|Any CPU
		Release|Any CPU = Release|Any CPU
	EndGlobalSection
	GlobalSection(ProjectConfigurationPlatforms) = postSolution
		{3E51E691-BFB4-4D3A-8834-8A0FEE9906AB}.Debug|Any CPU.ActiveCfg = Debug|Any CPU
		{3E51E691-BFB4-4D3A-8834-8A0FEE9906AB}.Debug|Any CPU.Build.0 = Debug|Any CPU
		{3E51E691-BFB4-4D3A-8834-8A0FEE9906AB}.Release|Any CPU.ActiveCfg = Release|Any CPU
		{3E51E691-BFB4-4D3A-8834-8A0FEE9906AB}.Release|Any CPU.Build.0 = Release|Any CPU
	EndGlobalSection
	GlobalSection(SolutionProperties) = preSolution
		HideSolutionNode = FALSE
	EndGlobalSection
	GlobalSection(ExtensibilityGlobals) = postSolution
		SolutionGuid = {C5CB418C-9067-46E7-B90D-8FB40CC4D0F4}
	EndGlobalSection
EndGlobal
