
Microsoft Visual Studio Solution File, Format Version 12.00
# Visual Studio Version 16
VisualStudioVersion = 16.0.31515.178
MinimumVisualStudioVersion = 10.0.40219.1
Project("{FAE04EC0-301F-11D3-BF4B-00C04F79EFBC}") = "Sobreposicao_Over_Virtual", "Sobreposicao_Over_Virtual\Sobreposicao_Over_Virtual.csproj", "{9DD5E802-886C-4CA7-874A-E35E360BC24C}"
EndProject
Global
	GlobalSection(SolutionConfigurationPlatforms) = preSolution
		Debug|Any CPU = Debug|Any CPU
		Release|Any CPU = Release|Any CPU
	EndGlobalSection
	GlobalSection(ProjectConfigurationPlatforms) = postSolution
		{9DD5E802-886C-4CA7-874A-E35E360BC24C}.Debug|Any CPU.ActiveCfg = Debug|Any CPU
		{9DD5E802-886C-4CA7-874A-E35E360BC24C}.Debug|Any CPU.Build.0 = Debug|Any CPU
		{9DD5E802-886C-4CA7-874A-E35E360BC24C}.Release|Any CPU.ActiveCfg = Release|Any CPU
		{9DD5E802-886C-4CA7-874A-E35E360BC24C}.Release|Any CPU.Build.0 = Release|Any CPU
	EndGlobalSection
	GlobalSection(SolutionProperties) = preSolution
		HideSolutionNode = FALSE
	EndGlobalSection
	GlobalSection(ExtensibilityGlobals) = postSolution
		SolutionGuid = {345F9A6C-F5FF-4C02-84E3-959A49012A09}
	EndGlobalSection
EndGlobal
