
Microsoft Visual Studio Solution File, Format Version 12.00
# Visual Studio Version 16
VisualStudioVersion = 16.0.31205.134
MinimumVisualStudioVersion = 10.0.40219.1
Project("{FAE04EC0-301F-11D3-BF4B-00C04F79EFBC}") = "condicinal_05", "condicinal_05\condicinal_05.csproj", "{2849CEDA-D7CC-4AF6-A768-6DCD0A02194E}"
EndProject
Global
	GlobalSection(SolutionConfigurationPlatforms) = preSolution
		Debug|Any CPU = Debug|Any CPU
		Release|Any CPU = Release|Any CPU
	EndGlobalSection
	GlobalSection(ProjectConfigurationPlatforms) = postSolution
		{2849CEDA-D7CC-4AF6-A768-6DCD0A02194E}.Debug|Any CPU.ActiveCfg = Debug|Any CPU
		{2849CEDA-D7CC-4AF6-A768-6DCD0A02194E}.Debug|Any CPU.Build.0 = Debug|Any CPU
		{2849CEDA-D7CC-4AF6-A768-6DCD0A02194E}.Release|Any CPU.ActiveCfg = Release|Any CPU
		{2849CEDA-D7CC-4AF6-A768-6DCD0A02194E}.Release|Any CPU.Build.0 = Release|Any CPU
	EndGlobalSection
	GlobalSection(SolutionProperties) = preSolution
		HideSolutionNode = FALSE
	EndGlobalSection
	GlobalSection(ExtensibilityGlobals) = postSolution
		SolutionGuid = {970683B2-CF57-4435-9C4B-9E8036303ADE}
	EndGlobalSection
EndGlobal
