
Microsoft Visual Studio Solution File, Format Version 12.00
# Visual Studio Version 16
VisualStudioVersion = 16.0.31515.178
MinimumVisualStudioVersion = 10.0.40219.1
Project("{FAE04EC0-301F-11D3-BF4B-00C04F79EFBC}") = "List", "List\List.csproj", "{BFD8511F-5D63-4AE9-891B-088A863F33F4}"
EndProject
Global
	GlobalSection(SolutionConfigurationPlatforms) = preSolution
		Debug|Any CPU = Debug|Any CPU
		Release|Any CPU = Release|Any CPU
	EndGlobalSection
	GlobalSection(ProjectConfigurationPlatforms) = postSolution
		{BFD8511F-5D63-4AE9-891B-088A863F33F4}.Debug|Any CPU.ActiveCfg = Debug|Any CPU
		{BFD8511F-5D63-4AE9-891B-088A863F33F4}.Debug|Any CPU.Build.0 = Debug|Any CPU
		{BFD8511F-5D63-4AE9-891B-088A863F33F4}.Release|Any CPU.ActiveCfg = Release|Any CPU
		{BFD8511F-5D63-4AE9-891B-088A863F33F4}.Release|Any CPU.Build.0 = Release|Any CPU
	EndGlobalSection
	GlobalSection(SolutionProperties) = preSolution
		HideSolutionNode = FALSE
	EndGlobalSection
	GlobalSection(ExtensibilityGlobals) = postSolution
		SolutionGuid = {6D9C3FDC-5703-4CC2-B99D-1BDAB5C97AEC}
	EndGlobalSection
EndGlobal
