
Microsoft Visual Studio Solution File, Format Version 12.00
# Visual Studio Version 16
VisualStudioVersion = 16.0.31515.178
MinimumVisualStudioVersion = 10.0.40219.1
Project("{FAE04EC0-301F-11D3-BF4B-00C04F79EFBC}") = "Vetor_Produtos", "Vetor_Produtos\Vetor_Produtos.csproj", "{06EB3345-3E75-4E4F-BD4D-E574AD658B39}"
EndProject
Global
	GlobalSection(SolutionConfigurationPlatforms) = preSolution
		Debug|Any CPU = Debug|Any CPU
		Release|Any CPU = Release|Any CPU
	EndGlobalSection
	GlobalSection(ProjectConfigurationPlatforms) = postSolution
		{06EB3345-3E75-4E4F-BD4D-E574AD658B39}.Debug|Any CPU.ActiveCfg = Debug|Any CPU
		{06EB3345-3E75-4E4F-BD4D-E574AD658B39}.Debug|Any CPU.Build.0 = Debug|Any CPU
		{06EB3345-3E75-4E4F-BD4D-E574AD658B39}.Release|Any CPU.ActiveCfg = Release|Any CPU
		{06EB3345-3E75-4E4F-BD4D-E574AD658B39}.Release|Any CPU.Build.0 = Release|Any CPU
	EndGlobalSection
	GlobalSection(SolutionProperties) = preSolution
		HideSolutionNode = FALSE
	EndGlobalSection
	GlobalSection(ExtensibilityGlobals) = postSolution
		SolutionGuid = {A1EC25CF-0751-491C-A57C-E66DFE4E17F8}
	EndGlobalSection
EndGlobal
