
Microsoft Visual Studio Solution File, Format Version 12.00
# Visual Studio Version 16
VisualStudioVersion = 16.0.32106.194
MinimumVisualStudioVersion = 10.0.40219.1
Project("{FAE04EC0-301F-11D3-BF4B-00C04F79EFBC}") = "BlocoUsing_01", "BlocoUsing_01\BlocoUsing_01.csproj", "{7F8CD641-93F5-4278-9650-A7F8A5217357}"
EndProject
Global
	GlobalSection(SolutionConfigurationPlatforms) = preSolution
		Debug|Any CPU = Debug|Any CPU
		Release|Any CPU = Release|Any CPU
	EndGlobalSection
	GlobalSection(ProjectConfigurationPlatforms) = postSolution
		{7F8CD641-93F5-4278-9650-A7F8A5217357}.Debug|Any CPU.ActiveCfg = Debug|Any CPU
		{7F8CD641-93F5-4278-9650-A7F8A5217357}.Debug|Any CPU.Build.0 = Debug|Any CPU
		{7F8CD641-93F5-4278-9650-A7F8A5217357}.Release|Any CPU.ActiveCfg = Release|Any CPU
		{7F8CD641-93F5-4278-9650-A7F8A5217357}.Release|Any CPU.Build.0 = Release|Any CPU
	EndGlobalSection
	GlobalSection(SolutionProperties) = preSolution
		HideSolutionNode = FALSE
	EndGlobalSection
	GlobalSection(ExtensibilityGlobals) = postSolution
		SolutionGuid = {D61FADFD-D902-4CF2-AA8E-64412DBA448B}
	EndGlobalSection
EndGlobal
