
Microsoft Visual Studio Solution File, Format Version 12.00
# Visual Studio Version 16
VisualStudioVersion = 16.0.31321.278
MinimumVisualStudioVersion = 10.0.40219.1
Project("{FAE04EC0-301F-11D3-BF4B-00C04F79EFBC}") = "FuncionarioSalario", "FuncionarioSalario\FuncionarioSalario.csproj", "{EE95752C-A366-4015-A555-1655B7930A72}"
EndProject
Global
	GlobalSection(SolutionConfigurationPlatforms) = preSolution
		Debug|Any CPU = Debug|Any CPU
		Release|Any CPU = Release|Any CPU
	EndGlobalSection
	GlobalSection(ProjectConfigurationPlatforms) = postSolution
		{EE95752C-A366-4015-A555-1655B7930A72}.Debug|Any CPU.ActiveCfg = Debug|Any CPU
		{EE95752C-A366-4015-A555-1655B7930A72}.Debug|Any CPU.Build.0 = Debug|Any CPU
		{EE95752C-A366-4015-A555-1655B7930A72}.Release|Any CPU.ActiveCfg = Release|Any CPU
		{EE95752C-A366-4015-A555-1655B7930A72}.Release|Any CPU.Build.0 = Release|Any CPU
	EndGlobalSection
	GlobalSection(SolutionProperties) = preSolution
		HideSolutionNode = FALSE
	EndGlobalSection
	GlobalSection(ExtensibilityGlobals) = postSolution
		SolutionGuid = {8847BBFE-D36A-467B-9B64-FA1D7C254ED0}
	EndGlobalSection
EndGlobal
