
Microsoft Visual Studio Solution File, Format Version 12.00
# Visual Studio Version 16
VisualStudioVersion = 16.0.31321.278
MinimumVisualStudioVersion = 10.0.40219.1
Project("{FAE04EC0-301F-11D3-BF4B-00C04F79EFBC}") = "Triangulo_Sem_Orientacao_Obijeto", "Triangulo_Sem_Orientacao_Obijeto\Triangulo_Sem_Orientacao_Obijeto.csproj", "{FC696344-5A9E-44A5-A218-FC9FAAD89639}"
EndProject
Global
	GlobalSection(SolutionConfigurationPlatforms) = preSolution
		Debug|Any CPU = Debug|Any CPU
		Release|Any CPU = Release|Any CPU
	EndGlobalSection
	GlobalSection(ProjectConfigurationPlatforms) = postSolution
		{FC696344-5A9E-44A5-A218-FC9FAAD89639}.Debug|Any CPU.ActiveCfg = Debug|Any CPU
		{FC696344-5A9E-44A5-A218-FC9FAAD89639}.Debug|Any CPU.Build.0 = Debug|Any CPU
		{FC696344-5A9E-44A5-A218-FC9FAAD89639}.Release|Any CPU.ActiveCfg = Release|Any CPU
		{FC696344-5A9E-44A5-A218-FC9FAAD89639}.Release|Any CPU.Build.0 = Release|Any CPU
	EndGlobalSection
	GlobalSection(SolutionProperties) = preSolution
		HideSolutionNode = FALSE
	EndGlobalSection
	GlobalSection(ExtensibilityGlobals) = postSolution
		SolutionGuid = {5A936F3B-19FD-4F44-9249-BBDB04DFD481}
	EndGlobalSection
EndGlobal
