
Microsoft Visual Studio Solution File, Format Version 12.00
# Visual Studio Version 16
VisualStudioVersion = 16.0.31321.278
MinimumVisualStudioVersion = 10.0.40219.1
Project("{FAE04EC0-301F-11D3-BF4B-00C04F79EFBC}") = "For_04_valorReal", "For_04_valorReal\For_04_valorReal.csproj", "{BFD9715B-E77D-44D1-A7EA-DB762C809545}"
EndProject
Global
	GlobalSection(SolutionConfigurationPlatforms) = preSolution
		Debug|Any CPU = Debug|Any CPU
		Release|Any CPU = Release|Any CPU
	EndGlobalSection
	GlobalSection(ProjectConfigurationPlatforms) = postSolution
		{BFD9715B-E77D-44D1-A7EA-DB762C809545}.Debug|Any CPU.ActiveCfg = Debug|Any CPU
		{BFD9715B-E77D-44D1-A7EA-DB762C809545}.Debug|Any CPU.Build.0 = Debug|Any CPU
		{BFD9715B-E77D-44D1-A7EA-DB762C809545}.Release|Any CPU.ActiveCfg = Release|Any CPU
		{BFD9715B-E77D-44D1-A7EA-DB762C809545}.Release|Any CPU.Build.0 = Release|Any CPU
	EndGlobalSection
	GlobalSection(SolutionProperties) = preSolution
		HideSolutionNode = FALSE
	EndGlobalSection
	GlobalSection(ExtensibilityGlobals) = postSolution
		SolutionGuid = {636DEB01-31CF-4BE2-A7C9-8AEE7E89A10F}
	EndGlobalSection
EndGlobal
