
Microsoft Visual Studio Solution File, Format Version 12.00
# Visual Studio Version 16
VisualStudioVersion = 16.0.31515.178
MinimumVisualStudioVersion = 10.0.40219.1
Project("{FAE04EC0-301F-11D3-BF4B-00C04F79EFBC}") = "Upcasting_Downcasting", "Upcasting_Downcasting\Upcasting_Downcasting.csproj", "{4B13E60C-88B0-41CF-AF22-AE893DB00BF5}"
EndProject
Global
	GlobalSection(SolutionConfigurationPlatforms) = preSolution
		Debug|Any CPU = Debug|Any CPU
		Release|Any CPU = Release|Any CPU
	EndGlobalSection
	GlobalSection(ProjectConfigurationPlatforms) = postSolution
		{4B13E60C-88B0-41CF-AF22-AE893DB00BF5}.Debug|Any CPU.ActiveCfg = Debug|Any CPU
		{4B13E60C-88B0-41CF-AF22-AE893DB00BF5}.Debug|Any CPU.Build.0 = Debug|Any CPU
		{4B13E60C-88B0-41CF-AF22-AE893DB00BF5}.Release|Any CPU.ActiveCfg = Release|Any CPU
		{4B13E60C-88B0-41CF-AF22-AE893DB00BF5}.Release|Any CPU.Build.0 = Release|Any CPU
	EndGlobalSection
	GlobalSection(SolutionProperties) = preSolution
		HideSolutionNode = FALSE
	EndGlobalSection
	GlobalSection(ExtensibilityGlobals) = postSolution
		SolutionGuid = {A498C88F-35BF-458A-9506-46D6DFCC1531}
	EndGlobalSection
EndGlobal
