
Microsoft Visual Studio Solution File, Format Version 12.00
# Visual Studio Version 16
VisualStudioVersion = 16.0.31515.178
MinimumVisualStudioVersion = 10.0.40219.1
Project("{FAE04EC0-301F-11D3-BF4B-00C04F79EFBC}") = "Funcoes_Interessantes", "Funcoes_Interessantes\Funcoes_Interessantes.csproj", "{B6B0DD1D-7AF1-4855-BBBD-381955CE4EFC}"
EndProject
Global
	GlobalSection(SolutionConfigurationPlatforms) = preSolution
		Debug|Any CPU = Debug|Any CPU
		Release|Any CPU = Release|Any CPU
	EndGlobalSection
	GlobalSection(ProjectConfigurationPlatforms) = postSolution
		{B6B0DD1D-7AF1-4855-BBBD-381955CE4EFC}.Debug|Any CPU.ActiveCfg = Debug|Any CPU
		{B6B0DD1D-7AF1-4855-BBBD-381955CE4EFC}.Debug|Any CPU.Build.0 = Debug|Any CPU
		{B6B0DD1D-7AF1-4855-BBBD-381955CE4EFC}.Release|Any CPU.ActiveCfg = Release|Any CPU
		{B6B0DD1D-7AF1-4855-BBBD-381955CE4EFC}.Release|Any CPU.Build.0 = Release|Any CPU
	EndGlobalSection
	GlobalSection(SolutionProperties) = preSolution
		HideSolutionNode = FALSE
	EndGlobalSection
	GlobalSection(ExtensibilityGlobals) = postSolution
		SolutionGuid = {A0241648-DB35-4A65-BE0E-EDEF8FA0CFC0}
	EndGlobalSection
EndGlobal
