
Microsoft Visual Studio Solution File, Format Version 12.00
# Visual Studio Version 16
VisualStudioVersion = 16.0.32106.194
MinimumVisualStudioVersion = 10.0.40219.1
Project("{FAE04EC0-301F-11D3-BF4B-00C04F79EFBC}") = "StreamWriter_01", "StreamWriter_01\StreamWriter_01.csproj", "{BDA44A97-3691-4831-8D84-F71FE73126C3}"
EndProject
Global
	GlobalSection(SolutionConfigurationPlatforms) = preSolution
		Debug|Any CPU = Debug|Any CPU
		Release|Any CPU = Release|Any CPU
	EndGlobalSection
	GlobalSection(ProjectConfigurationPlatforms) = postSolution
		{BDA44A97-3691-4831-8D84-F71FE73126C3}.Debug|Any CPU.ActiveCfg = Debug|Any CPU
		{BDA44A97-3691-4831-8D84-F71FE73126C3}.Debug|Any CPU.Build.0 = Debug|Any CPU
		{BDA44A97-3691-4831-8D84-F71FE73126C3}.Release|Any CPU.ActiveCfg = Release|Any CPU
		{BDA44A97-3691-4831-8D84-F71FE73126C3}.Release|Any CPU.Build.0 = Release|Any CPU
	EndGlobalSection
	GlobalSection(SolutionProperties) = preSolution
		HideSolutionNode = FALSE
	EndGlobalSection
	GlobalSection(ExtensibilityGlobals) = postSolution
		SolutionGuid = {ABBC2940-A979-40EB-9362-9B0089BFA6AE}
	EndGlobalSection
EndGlobal
