
Microsoft Visual Studio Solution File, Format Version 12.00
# Visual Studio Version 16
VisualStudioVersion = 16.0.31205.134
MinimumVisualStudioVersion = 10.0.40219.1
Project("{FAE04EC0-301F-11D3-BF4B-00C04F79EFBC}") = "Course", "Course\Course.csproj", "{A36093C7-F903-435E-BB3A-877967EC7737}"
EndProject
Global
	GlobalSection(SolutionConfigurationPlatforms) = preSolution
		Debug|Any CPU = Debug|Any CPU
		Release|Any CPU = Release|Any CPU
	EndGlobalSection
	GlobalSection(ProjectConfigurationPlatforms) = postSolution
		{A36093C7-F903-435E-BB3A-877967EC7737}.Debug|Any CPU.ActiveCfg = Debug|Any CPU
		{A36093C7-F903-435E-BB3A-877967EC7737}.Debug|Any CPU.Build.0 = Debug|Any CPU
		{A36093C7-F903-435E-BB3A-877967EC7737}.Release|Any CPU.ActiveCfg = Release|Any CPU
		{A36093C7-F903-435E-BB3A-877967EC7737}.Release|Any CPU.Build.0 = Release|Any CPU
	EndGlobalSection
	GlobalSection(SolutionProperties) = preSolution
		HideSolutionNode = FALSE
	EndGlobalSection
	GlobalSection(ExtensibilityGlobals) = postSolution
		SolutionGuid = {CB0CD909-714E-4A9F-83E7-4281DC4353BF}
	EndGlobalSection
EndGlobal
